// !$*UTF8*$!
{
	archiveVersion = 1;
	classes = {
	};
	objectVersion = 56;
	objects = {

/* Begin PBXBuildFile section */
		1FD876E62B489887003DB7F7 /* AppDelegate.m in Sources */ = {isa = PBXBuildFile; fileRef = 1FD876E52B489887003DB7F7 /* AppDelegate.m */; };
		1FD876E92B489887003DB7F7 /* SceneDelegate.m in Sources */ = {isa = PBXBuildFile; fileRef = 1FD876E82B489887003DB7F7 /* SceneDelegate.m */; };
		1FD876EC2B489887003DB7F7 /* MainViewController.m in Sources */ = {isa = PBXBuildFile; fileRef = 1FD876EB2B489887003DB7F7 /* MainViewController.m */; };
		1FD876EF2B489887003DB7F7 /* Main.storyboard in Resources */ = {isa = PBXBuildFile; fileRef = 1FD876ED2B489887003DB7F7 /* Main.storyboard */; };
		1FD876F22B489887003DB7F7 /* CheckRiteTest.xcdatamodeld in Sources */ = {isa = PBXBuildFile; fileRef = 1FD876F02B489887003DB7F7 /* CheckRiteTest.xcdatamodeld */; };
		1FD876F42B48988A003DB7F7 /* Assets.xcassets in Resources */ = {isa = PBXBuildFile; fileRef = 1FD876F32B48988A003DB7F7 /* Assets.xcassets */; };
		1FD876F72B48988A003DB7F7 /* LaunchScreen.storyboard in Resources */ = {isa = PBXBuildFile; fileRef = 1FD876F52B48988A003DB7F7 /* LaunchScreen.storyboard */; };
		1FD876FA2B48988A003DB7F7 /* main.m in Sources */ = {isa = PBXBuildFile; fileRef = 1FD876F92B48988A003DB7F7 /* main.m */; };
		1FD877052B489B7D003DB7F7 /* UIViewController+Storyboard.m in Sources */ = {isa = PBXBuildFile; fileRef = 1FD877042B489B7C003DB7F7 /* UIViewController+Storyboard.m */; };
		1FD877082B48A080003DB7F7 /* MainViewModel.m in Sources */ = {isa = PBXBuildFile; fileRef = 1FD877072B48A080003DB7F7 /* MainViewModel.m */; };
		1FD8770B2B494BE3003DB7F7 /* Details.storyboard in Resources */ = {isa = PBXBuildFile; fileRef = 1FD8770A2B494BE3003DB7F7 /* Details.storyboard */; };
		1FD8770E2B494C00003DB7F7 /* DetailsViewController.m in Sources */ = {isa = PBXBuildFile; fileRef = 1FD8770D2B494BFF003DB7F7 /* DetailsViewController.m */; };
		1FD877142B495232003DB7F7 /* DetailsViewModel.m in Sources */ = {isa = PBXBuildFile; fileRef = 1FD877132B495232003DB7F7 /* DetailsViewModel.m */; };
		1FD877182B49A5E0003DB7F7 /* ConnectionManager.m in Sources */ = {isa = PBXBuildFile; fileRef = 1FD877172B49A5E0003DB7F7 /* ConnectionManager.m */; };
		1FD8771C2B49B3D9003DB7F7 /* CatModel.m in Sources */ = {isa = PBXBuildFile; fileRef = 1FD8771B2B49B3D9003DB7F7 /* CatModel.m */; };
		1FD877222B49C614003DB7F7 /* MainTableViewCell.m in Sources */ = {isa = PBXBuildFile; fileRef = 1FD877202B49C614003DB7F7 /* MainTableViewCell.m */; };
		1FD877232B49C614003DB7F7 /* MainTableViewCell.xib in Resources */ = {isa = PBXBuildFile; fileRef = 1FD877212B49C614003DB7F7 /* MainTableViewCell.xib */; };
		1FD877282B4AA8C8003DB7F7 /* CatCategory.m in Sources */ = {isa = PBXBuildFile; fileRef = 1FD877272B4AA8C8003DB7F7 /* CatCategory.m */; };
		F250B7A34AA33AA3E09379C7 /* Pods_CheckRiteTest.framework in Frameworks */ = {isa = PBXBuildFile; fileRef = D14BB0149E26262B3AAFC2D7 /* Pods_CheckRiteTest.framework */; };
/* End PBXBuildFile section */

/* Begin PBXFileReference section */
		1FD876E12B489887003DB7F7 /* CheckRiteTest.app */ = {isa = PBXFileReference; explicitFileType = wrapper.application; includeInIndex = 0; path = CheckRiteTest.app; sourceTree = BUILT_PRODUCTS_DIR; };
		1FD876E42B489887003DB7F7 /* AppDelegate.h */ = {isa = PBXFileReference; lastKnownFileType = sourcecode.c.h; path = AppDelegate.h; sourceTree = "<group>"; };
		1FD876E52B489887003DB7F7 /* AppDelegate.m */ = {isa = PBXFileReference; lastKnownFileType = sourcecode.c.objc; path = AppDelegate.m; sourceTree = "<group>"; };
		1FD876E72B489887003DB7F7 /* SceneDelegate.h */ = {isa = PBXFileReference; lastKnownFileType = sourcecode.c.h; path = SceneDelegate.h; sourceTree = "<group>"; };
		1FD876E82B489887003DB7F7 /* SceneDelegate.m */ = {isa = PBXFileReference; lastKnownFileType = sourcecode.c.objc; path = SceneDelegate.m; sourceTree = "<group>"; };
		1FD876EA2B489887003DB7F7 /* MainViewController.h */ = {isa = PBXFileReference; lastKnownFileType = sourcecode.c.h; path = MainViewController.h; sourceTree = "<group>"; };
		1FD876EB2B489887003DB7F7 /* MainViewController.m */ = {isa = PBXFileReference; lastKnownFileType = sourcecode.c.objc; path = MainViewController.m; sourceTree = "<group>"; };
		1FD876EE2B489887003DB7F7 /* Base */ = {isa = PBXFileReference; lastKnownFileType = file.storyboard; name = Base; path = Base.lproj/Main.storyboard; sourceTree = "<group>"; };
		1FD876F12B489887003DB7F7 /* CheckRiteTest.xcdatamodel */ = {isa = PBXFileReference; lastKnownFileType = wrapper.xcdatamodel; path = CheckRiteTest.xcdatamodel; sourceTree = "<group>"; };
		1FD876F32B48988A003DB7F7 /* Assets.xcassets */ = {isa = PBXFileReference; lastKnownFileType = folder.assetcatalog; path = Assets.xcassets; sourceTree = "<group>"; };
		1FD876F62B48988A003DB7F7 /* Base */ = {isa = PBXFileReference; lastKnownFileType = file.storyboard; name = Base; path = Base.lproj/LaunchScreen.storyboard; sourceTree = "<group>"; };
		1FD876F82B48988A003DB7F7 /* Info.plist */ = {isa = PBXFileReference; lastKnownFileType = text.plist.xml; path = Info.plist; sourceTree = "<group>"; };
		1FD876F92B48988A003DB7F7 /* main.m */ = {isa = PBXFileReference; lastKnownFileType = sourcecode.c.objc; path = main.m; sourceTree = "<group>"; };
		1FD877032B489B7C003DB7F7 /* UIViewController+Storyboard.h */ = {isa = PBXFileReference; lastKnownFileType = sourcecode.c.h; path = "UIViewController+Storyboard.h"; sourceTree = "<group>"; };
		1FD877042B489B7C003DB7F7 /* UIViewController+Storyboard.m */ = {isa = PBXFileReference; lastKnownFileType = sourcecode.c.objc; path = "UIViewController+Storyboard.m"; sourceTree = "<group>"; };
		1FD877062B48A080003DB7F7 /* MainViewModel.h */ = {isa = PBXFileReference; lastKnownFileType = sourcecode.c.h; path = MainViewModel.h; sourceTree = "<group>"; };
		1FD877072B48A080003DB7F7 /* MainViewModel.m */ = {isa = PBXFileReference; lastKnownFileType = sourcecode.c.objc; path = MainViewModel.m; sourceTree = "<group>"; };
		1FD8770A2B494BE3003DB7F7 /* Details.storyboard */ = {isa = PBXFileReference; lastKnownFileType = file.storyboard; path = Details.storyboard; sourceTree = "<group>"; };
		1FD8770C2B494BFF003DB7F7 /* DetailsViewController.h */ = {isa = PBXFileReference; lastKnownFileType = sourcecode.c.h; path = DetailsViewController.h; sourceTree = "<group>"; };
		1FD8770D2B494BFF003DB7F7 /* DetailsViewController.m */ = {isa = PBXFileReference; lastKnownFileType = sourcecode.c.objc; path = DetailsViewController.m; sourceTree = "<group>"; };
		1FD877122B495232003DB7F7 /* DetailsViewModel.h */ = {isa = PBXFileReference; lastKnownFileType = sourcecode.c.h; path = DetailsViewModel.h; sourceTree = "<group>"; };
		1FD877132B495232003DB7F7 /* DetailsViewModel.m */ = {isa = PBXFileReference; lastKnownFileType = sourcecode.c.objc; path = DetailsViewModel.m; sourceTree = "<group>"; };
		1FD877162B49A5E0003DB7F7 /* ConnectionManager.h */ = {isa = PBXFileReference; lastKnownFileType = sourcecode.c.h; path = ConnectionManager.h; sourceTree = "<group>"; };
		1FD877172B49A5E0003DB7F7 /* ConnectionManager.m */ = {isa = PBXFileReference; lastKnownFileType = sourcecode.c.objc; path = ConnectionManager.m; sourceTree = "<group>"; };
		1FD8771A2B49B3D9003DB7F7 /* CatModel.h */ = {isa = PBXFileReference; lastKnownFileType = sourcecode.c.h; path = CatModel.h; sourceTree = "<group>"; };
		1FD8771B2B49B3D9003DB7F7 /* CatModel.m */ = {isa = PBXFileReference; lastKnownFileType = sourcecode.c.objc; path = CatModel.m; sourceTree = "<group>"; };
		1FD8771F2B49C614003DB7F7 /* MainTableViewCell.h */ = {isa = PBXFileReference; lastKnownFileType = sourcecode.c.h; path = MainTableViewCell.h; sourceTree = "<group>"; };
		1FD877202B49C614003DB7F7 /* MainTableViewCell.m */ = {isa = PBXFileReference; lastKnownFileType = sourcecode.c.objc; path = MainTableViewCell.m; sourceTree = "<group>"; };
		1FD877212B49C614003DB7F7 /* MainTableViewCell.xib */ = {isa = PBXFileReference; lastKnownFileType = file.xib; path = MainTableViewCell.xib; sourceTree = "<group>"; };
		1FD877262B4AA8C8003DB7F7 /* CatCategory.h */ = {isa = PBXFileReference; lastKnownFileType = sourcecode.c.h; path = CatCategory.h; sourceTree = "<group>"; };
		1FD877272B4AA8C8003DB7F7 /* CatCategory.m */ = {isa = PBXFileReference; lastKnownFileType = sourcecode.c.objc; path = CatCategory.m; sourceTree = "<group>"; };
		4490C3209F5C528742C453F4 /* Pods-CheckRiteTest.debug.xcconfig */ = {isa = PBXFileReference; includeInIndex = 1; lastKnownFileType = text.xcconfig; name = "Pods-CheckRiteTest.debug.xcconfig"; path = "Target Support Files/Pods-CheckRiteTest/Pods-CheckRiteTest.debug.xcconfig"; sourceTree = "<group>"; };
		930F66E8196E24AB31B392F1 /* Pods-CheckRiteTest.release.xcconfig */ = {isa = PBXFileReference; includeInIndex = 1; lastKnownFileType = text.xcconfig; name = "Pods-CheckRiteTest.release.xcconfig"; path = "Target Support Files/Pods-CheckRiteTest/Pods-CheckRiteTest.release.xcconfig"; sourceTree = "<group>"; };
		D14BB0149E26262B3AAFC2D7 /* Pods_CheckRiteTest.framework */ = {isa = PBXFileReference; explicitFileType = wrapper.framework; includeInIndex = 0; path = Pods_CheckRiteTest.framework; sourceTree = BUILT_PRODUCTS_DIR; };
/* End PBXFileReference section */

/* Begin PBXFrameworksBuildPhase section */
		1FD876DE2B489887003DB7F7 /* Frameworks */ = {
			isa = PBXFrameworksBuildPhase;
			buildActionMask = 2147483647;
			files = (
				F250B7A34AA33AA3E09379C7 /* Pods_CheckRiteTest.framework in Frameworks */,
			);
			runOnlyForDeploymentPostprocessing = 0;
		};
/* End PBXFrameworksBuildPhase section */

/* Begin PBXGroup section */
		1FD876D82B489887003DB7F7 = {
			isa = PBXGroup;
			children = (
				1FD876E32B489887003DB7F7 /* CheckRiteTest */,
				1FD876E22B489887003DB7F7 /* Products */,
				637E5B1A4AF85B13EFD587F5 /* Pods */,
				F158F868329087BA9C0FC34B /* Frameworks */,
			);
			sourceTree = "<group>";
		};
		1FD876E22B489887003DB7F7 /* Products */ = {
			isa = PBXGroup;
			children = (
				1FD876E12B489887003DB7F7 /* CheckRiteTest.app */,
			);
			name = Products;
			sourceTree = "<group>";
		};
		1FD876E32B489887003DB7F7 /* CheckRiteTest */ = {
			isa = PBXGroup;
			children = (
				1FD8771D2B49C5F6003DB7F7 /* Views */,
				1FD877192B49B3C4003DB7F7 /* Models */,
				1FD877152B49A5BF003DB7F7 /* Network */,
				1FD877022B489B04003DB7F7 /* Categories */,
				1FD877002B489966003DB7F7 /* Flows */,
				1FD876E42B489887003DB7F7 /* AppDelegate.h */,
				1FD876E52B489887003DB7F7 /* AppDelegate.m */,
				1FD876E72B489887003DB7F7 /* SceneDelegate.h */,
				1FD876E82B489887003DB7F7 /* SceneDelegate.m */,
				1FD876F32B48988A003DB7F7 /* Assets.xcassets */,
				1FD876F52B48988A003DB7F7 /* LaunchScreen.storyboard */,
				1FD876F82B48988A003DB7F7 /* Info.plist */,
				1FD876F92B48988A003DB7F7 /* main.m */,
				1FD876F02B489887003DB7F7 /* CheckRiteTest.xcdatamodeld */,
			);
			path = CheckRiteTest;
			sourceTree = "<group>";
		};
		1FD877002B489966003DB7F7 /* Flows */ = {
			isa = PBXGroup;
			children = (
				1FD877092B494BC1003DB7F7 /* Details */,
				1FD877012B489972003DB7F7 /* Main */,
			);
			path = Flows;
			sourceTree = "<group>";
		};
		1FD877012B489972003DB7F7 /* Main */ = {
			isa = PBXGroup;
			children = (
				1FD876EA2B489887003DB7F7 /* MainViewController.h */,
				1FD876EB2B489887003DB7F7 /* MainViewController.m */,
				1FD876ED2B489887003DB7F7 /* Main.storyboard */,
				1FD877062B48A080003DB7F7 /* MainViewModel.h */,
				1FD877072B48A080003DB7F7 /* MainViewModel.m */,
			);
			path = Main;
			sourceTree = "<group>";
		};
		1FD877022B489B04003DB7F7 /* Categories */ = {
			isa = PBXGroup;
			children = (
				1FD877292B4AB721003DB7F7 /* Storyboard */,
			);
			path = Categories;
			sourceTree = "<group>";
		};
		1FD877092B494BC1003DB7F7 /* Details */ = {
			isa = PBXGroup;
			children = (
				1FD8770A2B494BE3003DB7F7 /* Details.storyboard */,
				1FD8770C2B494BFF003DB7F7 /* DetailsViewController.h */,
				1FD8770D2B494BFF003DB7F7 /* DetailsViewController.m */,
				1FD877122B495232003DB7F7 /* DetailsViewModel.h */,
				1FD877132B495232003DB7F7 /* DetailsViewModel.m */,
			);
			path = Details;
			sourceTree = "<group>";
		};
		1FD877152B49A5BF003DB7F7 /* Network */ = {
			isa = PBXGroup;
			children = (
				1FD877162B49A5E0003DB7F7 /* ConnectionManager.h */,
				1FD877172B49A5E0003DB7F7 /* ConnectionManager.m */,
			);
			path = Network;
			sourceTree = "<group>";
		};
		1FD877192B49B3C4003DB7F7 /* Models */ = {
			isa = PBXGroup;
			children = (
				1FD877252B4AA863003DB7F7 /* CatCategory */,
				1FD877242B4AA856003DB7F7 /* Cat */,
			);
			path = Models;
			sourceTree = "<group>";
		};
		1FD8771D2B49C5F6003DB7F7 /* Views */ = {
			isa = PBXGroup;
			children = (
				1FD8771E2B49C5FD003DB7F7 /* Main Cell */,
			);
			path = Views;
			sourceTree = "<group>";
		};
		1FD8771E2B49C5FD003DB7F7 /* Main Cell */ = {
			isa = PBXGroup;
			children = (
				1FD8771F2B49C614003DB7F7 /* MainTableViewCell.h */,
				1FD877202B49C614003DB7F7 /* MainTableViewCell.m */,
				1FD877212B49C614003DB7F7 /* MainTableViewCell.xib */,
			);
			path = "Main Cell";
			sourceTree = "<group>";
		};
		1FD877242B4AA856003DB7F7 /* Cat */ = {
			isa = PBXGroup;
			children = (
				1FD8771A2B49B3D9003DB7F7 /* CatModel.h */,
				1FD8771B2B49B3D9003DB7F7 /* CatModel.m */,
			);
			path = Cat;
			sourceTree = "<group>";
		};
		1FD877252B4AA863003DB7F7 /* CatCategory */ = {
			isa = PBXGroup;
			children = (
				1FD877262B4AA8C8003DB7F7 /* CatCategory.h */,
				1FD877272B4AA8C8003DB7F7 /* CatCategory.m */,
			);
			path = CatCategory;
			sourceTree = "<group>";
		};
		1FD877292B4AB721003DB7F7 /* Storyboard */ = {
			isa = PBXGroup;
			children = (
				1FD877032B489B7C003DB7F7 /* UIViewController+Storyboard.h */,
				1FD877042B489B7C003DB7F7 /* UIViewController+Storyboard.m */,
			);
			path = Storyboard;
			sourceTree = "<group>";
		};
		637E5B1A4AF85B13EFD587F5 /* Pods */ = {
			isa = PBXGroup;
			children = (
				4490C3209F5C528742C453F4 /* Pods-CheckRiteTest.debug.xcconfig */,
				930F66E8196E24AB31B392F1 /* Pods-CheckRiteTest.release.xcconfig */,
			);
			path = Pods;
			sourceTree = "<group>";
		};
		F158F868329087BA9C0FC34B /* Frameworks */ = {
			isa = PBXGroup;
			children = (
				D14BB0149E26262B3AAFC2D7 /* Pods_CheckRiteTest.framework */,
			);
			name = Frameworks;
			sourceTree = "<group>";
		};
/* End PBXGroup section */

/* Begin PBXNativeTarget section */
		1FD876E02B489887003DB7F7 /* CheckRiteTest */ = {
			isa = PBXNativeTarget;
			buildConfigurationList = 1FD876FD2B48988A003DB7F7 /* Build configuration list for PBXNativeTarget "CheckRiteTest" */;
			buildPhases = (
				EF828C6350A64BF5A918FFAF /* [CP] Check Pods Manifest.lock */,
				1FD876DD2B489887003DB7F7 /* Sources */,
				1FD876DE2B489887003DB7F7 /* Frameworks */,
				1FD876DF2B489887003DB7F7 /* Resources */,
				665638C503FB731C06ABD2E0 /* [CP] Embed Pods Frameworks */,
			);
			buildRules = (
			);
			dependencies = (
			);
			name = CheckRiteTest;
			productName = CheckRiteTest;
			productReference = 1FD876E12B489887003DB7F7 /* CheckRiteTest.app */;
			productType = "com.apple.product-type.application";
		};
/* End PBXNativeTarget section */

/* Begin PBXProject section */
		1FD876D92B489887003DB7F7 /* Project object */ = {
			isa = PBXProject;
			attributes = {
				BuildIndependentTargetsInParallel = 1;
				LastUpgradeCheck = 1510;
				TargetAttributes = {
					1FD876E02B489887003DB7F7 = {
						CreatedOnToolsVersion = 15.1;
					};
				};
			};
			buildConfigurationList = 1FD876DC2B489887003DB7F7 /* Build configuration list for PBXProject "CheckRiteTest" */;
			compatibilityVersion = "Xcode 14.0";
			developmentRegion = en;
			hasScannedForEncodings = 0;
			knownRegions = (
				en,
				Base,
			);
			mainGroup = 1FD876D82B489887003DB7F7;
			productRefGroup = 1FD876E22B489887003DB7F7 /* Products */;
			projectDirPath = "";
			projectRoot = "";
			targets = (
				1FD876E02B489887003DB7F7 /* CheckRiteTest */,
			);
		};
/* End PBXProject section */

/* Begin PBXResourcesBuildPhase section */
		1FD876DF2B489887003DB7F7 /* Resources */ = {
			isa = PBXResourcesBuildPhase;
			buildActionMask = 2147483647;
			files = (
				1FD876F72B48988A003DB7F7 /* LaunchScreen.storyboard in Resources */,
				1FD876F42B48988A003DB7F7 /* Assets.xcassets in Resources */,
				1FD876EF2B489887003DB7F7 /* Main.storyboard in Resources */,
				1FD8770B2B494BE3003DB7F7 /* Details.storyboard in Resources */,
				1FD877232B49C614003DB7F7 /* MainTableViewCell.xib in Resources */,
			);
			runOnlyForDeploymentPostprocessing = 0;
		};
/* End PBXResourcesBuildPhase section */

/* Begin PBXShellScriptBuildPhase section */
		665638C503FB731C06ABD2E0 /* [CP] Embed Pods Frameworks */ = {
			isa = PBXShellScriptBuildPhase;
			buildActionMask = 2147483647;
			files = (
			);
			inputFileListPaths = (
				"${PODS_ROOT}/Target Support Files/Pods-CheckRiteTest/Pods-CheckRiteTest-frameworks-${CONFIGURATION}-input-files.xcfilelist",
			);
			name = "[CP] Embed Pods Frameworks";
			outputFileListPaths = (
				"${PODS_ROOT}/Target Support Files/Pods-CheckRiteTest/Pods-CheckRiteTest-frameworks-${CONFIGURATION}-output-files.xcfilelist",
			);
			runOnlyForDeploymentPostprocessing = 0;
			shellPath = /bin/sh;
			shellScript = "\"${PODS_ROOT}/Target Support Files/Pods-CheckRiteTest/Pods-CheckRiteTest-frameworks.sh\"\n";
			showEnvVarsInLog = 0;
		};
		EF828C6350A64BF5A918FFAF /* [CP] Check Pods Manifest.lock */ = {
			isa = PBXShellScriptBuildPhase;
			buildActionMask = 2147483647;
			files = (
			);
			inputFileListPaths = (
			);
			inputPaths = (
				"${PODS_PODFILE_DIR_PATH}/Podfile.lock",
				"${PODS_ROOT}/Manifest.lock",
			);
			name = "[CP] Check Pods Manifest.lock";
			outputFileListPaths = (
			);
			outputPaths = (
				"$(DERIVED_FILE_DIR)/Pods-CheckRiteTest-checkManifestLockResult.txt",
			);
			runOnlyForDeploymentPostprocessing = 0;
			shellPath = /bin/sh;
			shellScript = "diff \"${PODS_PODFILE_DIR_PATH}/Podfile.lock\" \"${PODS_ROOT}/Manifest.lock\" > /dev/null\nif [ $? != 0 ] ; then\n    # print error to STDERR\n    echo \"error: The sandbox is not in sync with the Podfile.lock. Run 'pod install' or update your CocoaPods installation.\" >&2\n    exit 1\nfi\n# This output is used by Xcode 'outputs' to avoid re-running this script phase.\necho \"SUCCESS\" > \"${SCRIPT_OUTPUT_FILE_0}\"\n";
			showEnvVarsInLog = 0;
		};
/* End PBXShellScriptBuildPhase section */

/* Begin PBXSourcesBuildPhase section */
		1FD876DD2B489887003DB7F7 /* Sources */ = {
			isa = PBXSourcesBuildPhase;
			buildActionMask = 2147483647;
			files = (
				1FD877142B495232003DB7F7 /* DetailsViewModel.m in Sources */,
				1FD876FA2B48988A003DB7F7 /* main.m in Sources */,
				1FD876F22B489887003DB7F7 /* CheckRiteTest.xcdatamodeld in Sources */,
				1FD877082B48A080003DB7F7 /* MainViewModel.m in Sources */,
				1FD877052B489B7D003DB7F7 /* UIViewController+Storyboard.m in Sources */,
				1FD8771C2B49B3D9003DB7F7 /* CatModel.m in Sources */,
				1FD877282B4AA8C8003DB7F7 /* CatCategory.m in Sources */,
				1FD877222B49C614003DB7F7 /* MainTableViewCell.m in Sources */,
				1FD876EC2B489887003DB7F7 /* MainViewController.m in Sources */,
				1FD876E62B489887003DB7F7 /* AppDelegate.m in Sources */,
				1FD877182B49A5E0003DB7F7 /* ConnectionManager.m in Sources */,
				1FD876E92B489887003DB7F7 /* SceneDelegate.m in Sources */,
				1FD8770E2B494C00003DB7F7 /* DetailsViewController.m in Sources */,
			);
			runOnlyForDeploymentPostprocessing = 0;
		};
/* End PBXSourcesBuildPhase section */

/* Begin PBXVariantGroup section */
		1FD876ED2B489887003DB7F7 /* Main.storyboard */ = {
			isa = PBXVariantGroup;
			children = (
				1FD876EE2B489887003DB7F7 /* Base */,
			);
			name = Main.storyboard;
			sourceTree = "<group>";
		};
		1FD876F52B48988A003DB7F7 /* LaunchScreen.storyboard */ = {
			isa = PBXVariantGroup;
			children = (
				1FD876F62B48988A003DB7F7 /* Base */,
			);
			name = LaunchScreen.storyboard;
			sourceTree = "<group>";
		};
/* End PBXVariantGroup section */

/* Begin XCBuildConfiguration section */
		1FD876FB2B48988A003DB7F7 /* Debug */ = {
			isa = XCBuildConfiguration;
			buildSettings = {
				ALWAYS_SEARCH_USER_PATHS = NO;
				ASSETCATALOG_COMPILER_GENERATE_SWIFT_ASSET_SYMBOL_EXTENSIONS = YES;
				CLANG_ANALYZER_NONNULL = YES;
				CLANG_ANALYZER_NUMBER_OBJECT_CONVERSION = YES_AGGRESSIVE;
				CLANG_CXX_LANGUAGE_STANDARD = "gnu++20";
				CLANG_ENABLE_MODULES = YES;
				CLANG_ENABLE_OBJC_ARC = YES;
				CLANG_ENABLE_OBJC_WEAK = YES;
				CLANG_WARN_BLOCK_CAPTURE_AUTORELEASING = YES;
				CLANG_WARN_BOOL_CONVERSION = YES;
				CLANG_WARN_COMMA = YES;
				CLANG_WARN_CONSTANT_CONVERSION = YES;
				CLANG_WARN_DEPRECATED_OBJC_IMPLEMENTATIONS = YES;
				CLANG_WARN_DIRECT_OBJC_ISA_USAGE = YES_ERROR;
				CLANG_WARN_DOCUMENTATION_COMMENTS = YES;
				CLANG_WARN_EMPTY_BODY = YES;
				CLANG_WARN_ENUM_CONVERSION = YES;
				CLANG_WARN_INFINITE_RECURSION = YES;
				CLANG_WARN_INT_CONVERSION = YES;
				CLANG_WARN_NON_LITERAL_NULL_CONVERSION = YES;
				CLANG_WARN_OBJC_IMPLICIT_RETAIN_SELF = YES;
				CLANG_WARN_OBJC_LITERAL_CONVERSION = YES;
				CLANG_WARN_OBJC_ROOT_CLASS = YES_ERROR;
				CLANG_WARN_QUOTED_INCLUDE_IN_FRAMEWORK_HEADER = YES;
				CLANG_WARN_RANGE_LOOP_ANALYSIS = YES;
				CLANG_WARN_STRICT_PROTOTYPES = YES;
				CLANG_WARN_SUSPICIOUS_MOVE = YES;
				CLANG_WARN_UNGUARDED_AVAILABILITY = YES_AGGRESSIVE;
				CLANG_WARN_UNREACHABLE_CODE = YES;
				CLANG_WARN__DUPLICATE_METHOD_MATCH = YES;
				COPY_PHASE_STRIP = NO;
				DEBUG_INFORMATION_FORMAT = dwarf;
				ENABLE_STRICT_OBJC_MSGSEND = YES;
				ENABLE_TESTABILITY = YES;
				ENABLE_USER_SCRIPT_SANDBOXING = YES;
				GCC_C_LANGUAGE_STANDARD = gnu17;
				GCC_DYNAMIC_NO_PIC = NO;
				GCC_NO_COMMON_BLOCKS = YES;
				GCC_OPTIMIZATION_LEVEL = 0;
				GCC_PREPROCESSOR_DEFINITIONS = (
					"DEBUG=1",
					"$(inherited)",
				);
				GCC_WARN_64_TO_32_BIT_CONVERSION = YES;
				GCC_WARN_ABOUT_RETURN_TYPE = YES_ERROR;
				GCC_WARN_UNDECLARED_SELECTOR = YES;
				GCC_WARN_UNINITIALIZED_AUTOS = YES_AGGRESSIVE;
				GCC_WARN_UNUSED_FUNCTION = YES;
				GCC_WARN_UNUSED_VARIABLE = YES;
				IPHONEOS_DEPLOYMENT_TARGET = 15.0;
				LOCALIZATION_PREFERS_STRING_CATALOGS = YES;
				MTL_ENABLE_DEBUG_INFO = INCLUDE_SOURCE;
				MTL_FAST_MATH = YES;
				ONLY_ACTIVE_ARCH = YES;
				SDKROOT = iphoneos;
			};
			name = Debug;
		};
		1FD876FC2B48988A003DB7F7 /* Release */ = {
			isa = XCBuildConfiguration;
			buildSettings = {
				ALWAYS_SEARCH_USER_PATHS = NO;
				ASSETCATALOG_COMPILER_GENERATE_SWIFT_ASSET_SYMBOL_EXTENSIONS = YES;
				CLANG_ANALYZER_NONNULL = YES;
				CLANG_ANALYZER_NUMBER_OBJECT_CONVERSION = YES_AGGRESSIVE;
				CLANG_CXX_LANGUAGE_STANDARD = "gnu++20";
				CLANG_ENABLE_MODULES = YES;
				CLANG_ENABLE_OBJC_ARC = YES;
				CLANG_ENABLE_OBJC_WEAK = YES;
				CLANG_WARN_BLOCK_CAPTURE_AUTORELEASING = YES;
				CLANG_WARN_BOOL_CONVERSION = YES;
				CLANG_WARN_COMMA = YES;
				CLANG_WARN_CONSTANT_CONVERSION = YES;
				CLANG_WARN_DEPRECATED_OBJC_IMPLEMENTATIONS = YES;
				CLANG_WARN_DIRECT_OBJC_ISA_USAGE = YES_ERROR;
				CLANG_WARN_DOCUMENTATION_COMMENTS = YES;
				CLANG_WARN_EMPTY_BODY = YES;
				CLANG_WARN_ENUM_CONVERSION = YES;
				CLANG_WARN_INFINITE_RECURSION = YES;
				CLANG_WARN_INT_CONVERSION = YES;
				CLANG_WARN_NON_LITERAL_NULL_CONVERSION = YES;
				CLANG_WARN_OBJC_IMPLICIT_RETAIN_SELF = YES;
				CLANG_WARN_OBJC_LITERAL_CONVERSION = YES;
				CLANG_WARN_OBJC_ROOT_CLASS = YES_ERROR;
				CLANG_WARN_QUOTED_INCLUDE_IN_FRAMEWORK_HEADER = YES;
				CLANG_WARN_RANGE_LOOP_ANALYSIS = YES;
				CLANG_WARN_STRICT_PROTOTYPES = YES;
				CLANG_WARN_SUSPICIOUS_MOVE = YES;
				CLANG_WARN_UNGUARDED_AVAILABILITY = YES_AGGRESSIVE;
				CLANG_WARN_UNREACHABLE_CODE = YES;
				CLANG_WARN__DUPLICATE_METHOD_MATCH = YES;
				COPY_PHASE_STRIP = NO;
				DEBUG_INFORMATION_FORMAT = "dwarf-with-dsym";
				ENABLE_NS_ASSERTIONS = NO;
				ENABLE_STRICT_OBJC_MSGSEND = YES;
				ENABLE_USER_SCRIPT_SANDBOXING = YES;
				GCC_C_LANGUAGE_STANDARD = gnu17;
				GCC_NO_COMMON_BLOCKS = YES;
				GCC_WARN_64_TO_32_BIT_CONVERSION = YES;
				GCC_WARN_ABOUT_RETURN_TYPE = YES_ERROR;
				GCC_WARN_UNDECLARED_SELECTOR = YES;
				GCC_WARN_UNINITIALIZED_AUTOS = YES_AGGRESSIVE;
				GCC_WARN_UNUSED_FUNCTION = YES;
				GCC_WARN_UNUSED_VARIABLE = YES;
				IPHONEOS_DEPLOYMENT_TARGET = 15.0;
				LOCALIZATION_PREFERS_STRING_CATALOGS = YES;
				MTL_ENABLE_DEBUG_INFO = NO;
				MTL_FAST_MATH = YES;
				SDKROOT = iphoneos;
				VALIDATE_PRODUCT = YES;
			};
			name = Release;
		};
		1FD876FE2B48988A003DB7F7 /* Debug */ = {
			isa = XCBuildConfiguration;
			baseConfigurationReference = 4490C3209F5C528742C453F4 /* Pods-CheckRiteTest.debug.xcconfig */;
			buildSettings = {
				ASSETCATALOG_COMPILER_APPICON_NAME = AppIcon;
				ASSETCATALOG_COMPILER_GLOBAL_ACCENT_COLOR_NAME = AccentColor;
				CODE_SIGN_STYLE = Manual;
				CURRENT_PROJECT_VERSION = 1;
				DEVELOPMENT_TEAM = "";
				ENABLE_USER_SCRIPT_SANDBOXING = NO;
				GENERATE_INFOPLIST_FILE = YES;
				INFOPLIST_FILE = CheckRiteTest/Info.plist;
				INFOPLIST_KEY_UIApplicationSupportsIndirectInputEvents = YES;
				INFOPLIST_KEY_UILaunchStoryboardName = LaunchScreen;
				INFOPLIST_KEY_UISupportedInterfaceOrientations_iPad = "UIInterfaceOrientationPortrait UIInterfaceOrientationPortraitUpsideDown UIInterfaceOrientationLandscapeLeft UIInterfaceOrientationLandscapeRight";
				INFOPLIST_KEY_UISupportedInterfaceOrientations_iPhone = "UIInterfaceOrientationPortrait UIInterfaceOrientationLandscapeLeft UIInterfaceOrientationLandscapeRight";
				IPHONEOS_DEPLOYMENT_TARGET = 15.0;
				LD_RUNPATH_SEARCH_PATHS = (
					"$(inherited)",
					"@executable_path/Frameworks",
				);
				MARKETING_VERSION = 1.0;
				PRODUCT_BUNDLE_IDENTIFIER = com.alex.CheckRiteTest;
				PRODUCT_NAME = "$(TARGET_NAME)";
				PROVISIONING_PROFILE_SPECIFIER = "";
				SWIFT_EMIT_LOC_STRINGS = YES;
				TARGETED_DEVICE_FAMILY = "1,2";
			};
			name = Debug;
		};
		1FD876FF2B48988A003DB7F7 /* Release */ = {
			isa = XCBuildConfiguration;
			baseConfigurationReference = 930F66E8196E24AB31B392F1 /* Pods-CheckRiteTest.release.xcconfig */;
			buildSettings = {
				ASSETCATALOG_COMPILER_APPICON_NAME = AppIcon;
				ASSETCATALOG_COMPILER_GLOBAL_ACCENT_COLOR_NAME = AccentColor;
				CODE_SIGN_STYLE = Manual;
				CURRENT_PROJECT_VERSION = 1;
				DEVELOPMENT_TEAM = "";
				ENABLE_USER_SCRIPT_SANDBOXING = NO;
				GENERATE_INFOPLIST_FILE = YES;
				INFOPLIST_FILE = CheckRiteTest/Info.plist;
				INFOPLIST_KEY_UIApplicationSupportsIndirectInputEvents = YES;
				INFOPLIST_KEY_UILaunchStoryboardName = LaunchScreen;
				INFOPLIST_KEY_UISupportedInterfaceOrientations_iPad = "UIInterfaceOrientationPortrait UIInterfaceOrientationPortraitUpsideDown UIInterfaceOrientationLandscapeLeft UIInterfaceOrientationLandscapeRight";
				INFOPLIST_KEY_UISupportedInterfaceOrientations_iPhone = "UIInterfaceOrientationPortrait UIInterfaceOrientationLandscapeLeft UIInterfaceOrientationLandscapeRight";
				IPHONEOS_DEPLOYMENT_TARGET = 15.0;
				LD_RUNPATH_SEARCH_PATHS = (
					"$(inherited)",
					"@executable_path/Frameworks",
				);
				MARKETING_VERSION = 1.0;
				PRODUCT_BUNDLE_IDENTIFIER = com.alex.CheckRiteTest;
				PRODUCT_NAME = "$(TARGET_NAME)";
				PROVISIONING_PROFILE_SPECIFIER = "";
				SWIFT_EMIT_LOC_STRINGS = YES;
				TARGETED_DEVICE_FAMILY = "1,2";
			};
			name = Release;
		};
/* End XCBuildConfiguration section */

/* Begin XCConfigurationList section */
		1FD876DC2B489887003DB7F7 /* Build configuration list for PBXProject "CheckRiteTest" */ = {
			isa = XCConfigurationList;
			buildConfigurations = (
				1FD876FB2B48988A003DB7F7 /* Debug */,
				1FD876FC2B48988A003DB7F7 /* Release */,
			);
			defaultConfigurationIsVisible = 0;
			defaultConfigurationName = Release;
		};
		1FD876FD2B48988A003DB7F7 /* Build configuration list for PBXNativeTarget "CheckRiteTest" */ = {
			isa = XCConfigurationList;
			buildConfigurations = (
				1FD876FE2B48988A003DB7F7 /* Debug */,
				1FD876FF2B48988A003DB7F7 /* Release */,
			);
			defaultConfigurationIsVisible = 0;
			defaultConfigurationName = Release;
		};
/* End XCConfigurationList section */

/* Begin XCVersionGroup section */
		1FD876F02B489887003DB7F7 /* CheckRiteTest.xcdatamodeld */ = {
			isa = XCVersionGroup;
			children = (
				1FD876F12B489887003DB7F7 /* CheckRiteTest.xcdatamodel */,
			);
			currentVersion = 1FD876F12B489887003DB7F7 /* CheckRiteTest.xcdatamodel */;
			path = CheckRiteTest.xcdatamodeld;
			sourceTree = "<group>";
			versionGroupType = wrapper.xcdatamodel;
		};
/* End XCVersionGroup section */
	};
	rootObject = 1FD876D92B489887003DB7F7 /* Project object */;
}
